
Microsoft Visual Studio Solution File, Format Version 12.00
# Visual Studio Version 17
VisualStudioVersion = 17.0.32112.339
MinimumVisualStudioVersion = 10.0.40219.1
Project("{FAE04EC0-301F-11D3-BF4B-00C04F79EFBC}") = "HWiNFOVSBViewer", "HWiNFOVSBViewer\HWiNFOVSBViewer.csproj", "{DB46D4EF-B8C9-4720-BBB6-262CF9488438}"
EndProject
Global
	GlobalSection(SolutionConfigurationPlatforms) = preSolution
		Debug|Any CPU = Debug|Any CPU
		Release|Any CPU = Release|Any CPU
	EndGlobalSection
	GlobalSection(ProjectConfigurationPlatforms) = postSolution
		{DB46D4EF-B8C9-4720-BBB6-262CF9488438}.Debug|Any CPU.ActiveCfg = Debug|Any CPU
		{DB46D4EF-B8C9-4720-BBB6-262CF9488438}.Debug|Any CPU.Build.0 = Debug|Any CPU
		{DB46D4EF-B8C9-4720-BBB6-262CF9488438}.Release|Any CPU.ActiveCfg = Release|Any CPU
		{DB46D4EF-B8C9-4720-BBB6-262CF9488438}.Release|Any CPU.Build.0 = Release|Any CPU
	EndGlobalSection
	GlobalSection(SolutionProperties) = preSolution
		HideSolutionNode = FALSE
	EndGlobalSection
	GlobalSection(ExtensibilityGlobals) = postSolution
		SolutionGuid = {B32FBD5F-C2EE-46AF-A960-E7E430F7916C}
	EndGlobalSection
EndGlobal
